
Microsoft Visual Studio Solution File, Format Version 12.00
# Visual Studio Version 16
VisualStudioVersion = 16.0.31321.278
MinimumVisualStudioVersion = 10.0.40219.1
Project("{FAE04EC0-301F-11D3-BF4B-00C04F79EFBC}") = "AccessFormatCombo", "AccessFormatCombo.csproj", "{808CCFA9-9307-4421-9E20-ADA261DDFECB}"
EndProject
Global
	GlobalSection(SolutionConfigurationPlatforms) = preSolution
		Debug|Any CPU = Debug|Any CPU
		Release|Any CPU = Release|Any CPU
	EndGlobalSection
	GlobalSection(ProjectConfigurationPlatforms) = postSolution
		{808CCFA9-9307-4421-9E20-ADA261DDFECB}.Debug|Any CPU.ActiveCfg = Debug|Any CPU
		{808CCFA9-9307-4421-9E20-ADA261DDFECB}.Debug|Any CPU.Build.0 = Debug|Any CPU
		{808CCFA9-9307-4421-9E20-ADA261DDFECB}.Release|Any CPU.ActiveCfg = Release|Any CPU
		{808CCFA9-9307-4421-9E20-ADA261DDFECB}.Release|Any CPU.Build.0 = Release|Any CPU
	EndGlobalSection
	GlobalSection(SolutionProperties) = preSolution
		HideSolutionNode = FALSE
	EndGlobalSection
	GlobalSection(ExtensibilityGlobals) = postSolution
		SolutionGuid = {1E81E7B5-0EA9-47D9-A6EF-841494443CD3}
	EndGlobalSection
EndGlobal
